
Microsoft Visual Studio Solution File, Format Version 12.00
# Visual Studio Version 16
VisualStudioVersion = 16.0.30011.22
MinimumVisualStudioVersion = 10.0.40219.1
Project("{9A19103F-16F7-4668-BE54-9A1E7A4F7556}") = "StudyAPI", "StudyAPI\StudyAPI.csproj", "{7A1B363C-A6AE-4239-8B08-8B7611299768}"
EndProject
Global
	GlobalSection(SolutionConfigurationPlatforms) = preSolution
		Debug|Any CPU = Debug|Any CPU
		Release|Any CPU = Release|Any CPU
	EndGlobalSection
	GlobalSection(ProjectConfigurationPlatforms) = postSolution
		{7A1B363C-A6AE-4239-8B08-8B7611299768}.Debug|Any CPU.ActiveCfg = Debug|Any CPU
		{7A1B363C-A6AE-4239-8B08-8B7611299768}.Debug|Any CPU.Build.0 = Debug|Any CPU
		{7A1B363C-A6AE-4239-8B08-8B7611299768}.Release|Any CPU.ActiveCfg = Release|Any CPU
		{7A1B363C-A6AE-4239-8B08-8B7611299768}.Release|Any CPU.Build.0 = Release|Any CPU
	EndGlobalSection
	GlobalSection(SolutionProperties) = preSolution
		HideSolutionNode = FALSE
	EndGlobalSection
	GlobalSection(ExtensibilityGlobals) = postSolution
		SolutionGuid = {B23B0C84-4820-42D3-9288-1DD107F988BC}
	EndGlobalSection
EndGlobal
